
Microsoft Visual Studio Solution File, Format Version 12.00
# Visual Studio Version 17
VisualStudioVersion = 17.7.34024.191
MinimumVisualStudioVersion = 10.0.40219.1
Project("{FAE04EC0-301F-11D3-BF4B-00C04F79EFBC}") = "lab06", "lab06.csproj", "{7F4ECA60-F81C-437C-8FDD-0643BF0C1DE0}"
EndProject
Global
	GlobalSection(SolutionConfigurationPlatforms) = preSolution
		Debug|Any CPU = Debug|Any CPU
		Release|Any CPU = Release|Any CPU
	EndGlobalSection
	GlobalSection(ProjectConfigurationPlatforms) = postSolution
		{7F4ECA60-F81C-437C-8FDD-0643BF0C1DE0}.Debug|Any CPU.ActiveCfg = Debug|Any CPU
		{7F4ECA60-F81C-437C-8FDD-0643BF0C1DE0}.Debug|Any CPU.Build.0 = Debug|Any CPU
		{7F4ECA60-F81C-437C-8FDD-0643BF0C1DE0}.Release|Any CPU.ActiveCfg = Release|Any CPU
		{7F4ECA60-F81C-437C-8FDD-0643BF0C1DE0}.Release|Any CPU.Build.0 = Release|Any CPU
	EndGlobalSection
	GlobalSection(SolutionProperties) = preSolution
		HideSolutionNode = FALSE
	EndGlobalSection
	GlobalSection(ExtensibilityGlobals) = postSolution
		SolutionGuid = {C3A7D6A5-5341-452D-A994-C0B66F6E12EA}
	EndGlobalSection
EndGlobal
